// !$*UTF8*$!
{
	archiveVersion = 1;
	classes = {
	};
	objectVersion = 50;
	objects = {

/* Begin PBXBuildFile section */
		C1C509D42582D3FA00034474 /* AppDelegate.swift in Sources */ = {isa = PBXBuildFile; fileRef = C1C509D32582D3FA00034474 /* AppDelegate.swift */; };
		C1C509D62582D3FA00034474 /* SceneDelegate.swift in Sources */ = {isa = PBXBuildFile; fileRef = C1C509D52582D3FA00034474 /* SceneDelegate.swift */; };
		C1C509DB2582D3FA00034474 /* Main.storyboard in Resources */ = {isa = PBXBuildFile; fileRef = C1C509D92582D3FA00034474 /* Main.storyboard */; };
		C1C509DE2582D3FA00034474 /* TravelogueMgckq8.xcdatamodeld in Sources */ = {isa = PBXBuildFile; fileRef = C1C509DC2582D3FA00034474 /* TravelogueMgckq8.xcdatamodeld */; };
		C1C509E02582D3FB00034474 /* Assets.xcassets in Resources */ = {isa = PBXBuildFile; fileRef = C1C509DF2582D3FB00034474 /* Assets.xcassets */; };
		C1C509E32582D3FB00034474 /* LaunchScreen.storyboard in Resources */ = {isa = PBXBuildFile; fileRef = C1C509E12582D3FB00034474 /* LaunchScreen.storyboard */; };
		C1C509EE2582D3FB00034474 /* TravelogueMgckq8Tests.swift in Sources */ = {isa = PBXBuildFile; fileRef = C1C509ED2582D3FB00034474 /* TravelogueMgckq8Tests.swift */; };
		C1C509F92582D3FB00034474 /* TravelogueMgckq8UITests.swift in Sources */ = {isa = PBXBuildFile; fileRef = C1C509F82582D3FB00034474 /* TravelogueMgckq8UITests.swift */; };
		C1C50A0D2582D97F00034474 /* NewEntryViewController.swift in Sources */ = {isa = PBXBuildFile; fileRef = C1C50A0C2582D97F00034474 /* NewEntryViewController.swift */; };
		C1C50A122582D9A800034474 /* EntriesViewController.swift in Sources */ = {isa = PBXBuildFile; fileRef = C1C50A112582D9A800034474 /* EntriesViewController.swift */; };
		C1C50A172582D9BA00034474 /* TripsViewController.swift in Sources */ = {isa = PBXBuildFile; fileRef = C1C50A162582D9BA00034474 /* TripsViewController.swift */; };
		C1C50A3E2582E2A300034474 /* Entry+CoreDataClass.swift in Sources */ = {isa = PBXBuildFile; fileRef = C1C50A3A2582E2A300034474 /* Entry+CoreDataClass.swift */; };
		C1C50A3F2582E2A300034474 /* Entry+CoreDataProperties.swift in Sources */ = {isa = PBXBuildFile; fileRef = C1C50A3B2582E2A300034474 /* Entry+CoreDataProperties.swift */; };
		C1C50A402582E2A300034474 /* Trip+CoreDataClass.swift in Sources */ = {isa = PBXBuildFile; fileRef = C1C50A3C2582E2A300034474 /* Trip+CoreDataClass.swift */; };
		C1C50A412582E2A300034474 /* Trip+CoreDataProperties.swift in Sources */ = {isa = PBXBuildFile; fileRef = C1C50A3D2582E2A300034474 /* Trip+CoreDataProperties.swift */; };
/* End PBXBuildFile section */

/* Begin PBXContainerItemProxy section */
		C1C509EA2582D3FB00034474 /* PBXContainerItemProxy */ = {
			isa = PBXContainerItemProxy;
			containerPortal = C1C509C82582D3FA00034474 /* Project object */;
			proxyType = 1;
			remoteGlobalIDString = C1C509CF2582D3FA00034474;
			remoteInfo = TravelogueMgckq8;
		};
		C1C509F52582D3FB00034474 /* PBXContainerItemProxy */ = {
			isa = PBXContainerItemProxy;
			containerPortal = C1C509C82582D3FA00034474 /* Project object */;
			proxyType = 1;
			remoteGlobalIDString = C1C509CF2582D3FA00034474;
			remoteInfo = TravelogueMgckq8;
		};
/* End PBXContainerItemProxy section */

/* Begin PBXFileReference section */
		C1C509D02582D3FA00034474 /* TravelogueMgckq8.app */ = {isa = PBXFileReference; explicitFileType = wrapper.application; includeInIndex = 0; path = TravelogueMgckq8.app; sourceTree = BUILT_PRODUCTS_DIR; };
		C1C509D32582D3FA00034474 /* AppDelegate.swift */ = {isa = PBXFileReference; lastKnownFileType = sourcecode.swift; path = AppDelegate.swift; sourceTree = "<group>"; };
		C1C509D52582D3FA00034474 /* SceneDelegate.swift */ = {isa = PBXFileReference; lastKnownFileType = sourcecode.swift; path = SceneDelegate.swift; sourceTree = "<group>"; };
		C1C509DA2582D3FA00034474 /* Base */ = {isa = PBXFileReference; lastKnownFileType = file.storyboard; name = Base; path = Base.lproj/Main.storyboard; sourceTree = "<group>"; };
		C1C509DD2582D3FA00034474 /* TravelogueMgckq8.xcdatamodel */ = {isa = PBXFileReference; lastKnownFileType = wrapper.xcdatamodel; path = TravelogueMgckq8.xcdatamodel; sourceTree = "<group>"; };
		C1C509DF2582D3FB00034474 /* Assets.xcassets */ = {isa = PBXFileReference; lastKnownFileType = folder.assetcatalog; path = Assets.xcassets; sourceTree = "<group>"; };
		C1C509E22582D3FB00034474 /* Base */ = {isa = PBXFileReference; lastKnownFileType = file.storyboard; name = Base; path = Base.lproj/LaunchScreen.storyboard; sourceTree = "<group>"; };
		C1C509E42582D3FB00034474 /* Info.plist */ = {isa = PBXFileReference; lastKnownFileType = text.plist.xml; path = Info.plist; sourceTree = "<group>"; };
		C1C509E92582D3FB00034474 /* TravelogueMgckq8Tests.xctest */ = {isa = PBXFileReference; explicitFileType = wrapper.cfbundle; includeInIndex = 0; path = TravelogueMgckq8Tests.xctest; sourceTree = BUILT_PRODUCTS_DIR; };
		C1C509ED2582D3FB00034474 /* TravelogueMgckq8Tests.swift */ = {isa = PBXFileReference; lastKnownFileType = sourcecode.swift; path = TravelogueMgckq8Tests.swift; sourceTree = "<group>"; };
		C1C509EF2582D3FB00034474 /* Info.plist */ = {isa = PBXFileReference; lastKnownFileType = text.plist.xml; path = Info.plist; sourceTree = "<group>"; };
		C1C509F42582D3FB00034474 /* TravelogueMgckq8UITests.xctest */ = {isa = PBXFileReference; explicitFileType = wrapper.cfbundle; includeInIndex = 0; path = TravelogueMgckq8UITests.xctest; sourceTree = BUILT_PRODUCTS_DIR; };
		C1C509F82582D3FB00034474 /* TravelogueMgckq8UITests.swift */ = {isa = PBXFileReference; lastKnownFileType = sourcecode.swift; path = TravelogueMgckq8UITests.swift; sourceTree = "<group>"; };
		C1C509FA2582D3FB00034474 /* Info.plist */ = {isa = PBXFileReference; lastKnownFileType = text.plist.xml; path = Info.plist; sourceTree = "<group>"; };
		C1C50A0C2582D97F00034474 /* NewEntryViewController.swift */ = {isa = PBXFileReference; lastKnownFileType = sourcecode.swift; path = NewEntryViewController.swift; sourceTree = "<group>"; };
		C1C50A112582D9A800034474 /* EntriesViewController.swift */ = {isa = PBXFileReference; lastKnownFileType = sourcecode.swift; path = EntriesViewController.swift; sourceTree = "<group>"; };
		C1C50A162582D9BA00034474 /* TripsViewController.swift */ = {isa = PBXFileReference; lastKnownFileType = sourcecode.swift; path = TripsViewController.swift; sourceTree = "<group>"; };
		C1C50A3A2582E2A300034474 /* Entry+CoreDataClass.swift */ = {isa = PBXFileReference; lastKnownFileType = sourcecode.swift; name = "Entry+CoreDataClass.swift"; path = "../../Entry+CoreDataClass.swift"; sourceTree = "<group>"; };
		C1C50A3B2582E2A300034474 /* Entry+CoreDataProperties.swift */ = {isa = PBXFileReference; lastKnownFileType = sourcecode.swift; path = "Entry+CoreDataProperties.swift"; sourceTree = "<group>"; };
		C1C50A3C2582E2A300034474 /* Trip+CoreDataClass.swift */ = {isa = PBXFileReference; lastKnownFileType = sourcecode.swift; name = "Trip+CoreDataClass.swift"; path = "../../Trip+CoreDataClass.swift"; sourceTree = "<group>"; };
		C1C50A3D2582E2A300034474 /* Trip+CoreDataProperties.swift */ = {isa = PBXFileReference; lastKnownFileType = sourcecode.swift; path = "Trip+CoreDataProperties.swift"; sourceTree = "<group>"; };
/* End PBXFileReference section */

/* Begin PBXFrameworksBuildPhase section */
		C1C509CD2582D3FA00034474 /* Frameworks */ = {
			isa = PBXFrameworksBuildPhase;
			buildActionMask = 2147483647;
			files = (
			);
			runOnlyForDeploymentPostprocessing = 0;
		};
		C1C509E62582D3FB00034474 /* Frameworks */ = {
			isa = PBXFrameworksBuildPhase;
			buildActionMask = 2147483647;
			files = (
			);
			runOnlyForDeploymentPostprocessing = 0;
		};
		C1C509F12582D3FB00034474 /* Frameworks */ = {
			isa = PBXFrameworksBuildPhase;
			buildActionMask = 2147483647;
			files = (
			);
			runOnlyForDeploymentPostprocessing = 0;
		};
/* End PBXFrameworksBuildPhase section */

/* Begin PBXGroup section */
		C1C509C72582D3FA00034474 = {
			isa = PBXGroup;
			children = (
				C1C509D22582D3FA00034474 /* TravelogueMgckq8 */,
				C1C509EC2582D3FB00034474 /* TravelogueMgckq8Tests */,
				C1C509F72582D3FB00034474 /* TravelogueMgckq8UITests */,
				C1C509D12582D3FA00034474 /* Products */,
			);
			sourceTree = "<group>";
		};
		C1C509D12582D3FA00034474 /* Products */ = {
			isa = PBXGroup;
			children = (
				C1C509D02582D3FA00034474 /* TravelogueMgckq8.app */,
				C1C509E92582D3FB00034474 /* TravelogueMgckq8Tests.xctest */,
				C1C509F42582D3FB00034474 /* TravelogueMgckq8UITests.xctest */,
			);
			name = Products;
			sourceTree = "<group>";
		};
		C1C509D22582D3FA00034474 /* TravelogueMgckq8 */ = {
			isa = PBXGroup;
			children = (
				C1C50A2C2582DFB100034474 /* ViewControllers */,
				C1C50A2B2582DF8300034474 /* SupportingFiles */,
				C1C50A2A2582DF5B00034474 /* CoreDataEntities */,
				C1C509D92582D3FA00034474 /* Main.storyboard */,
			);
			path = TravelogueMgckq8;
			sourceTree = "<group>";
		};
		C1C509EC2582D3FB00034474 /* TravelogueMgckq8Tests */ = {
			isa = PBXGroup;
			children = (
				C1C509ED2582D3FB00034474 /* TravelogueMgckq8Tests.swift */,
				C1C509EF2582D3FB00034474 /* Info.plist */,
			);
			path = TravelogueMgckq8Tests;
			sourceTree = "<group>";
		};
		C1C509F72582D3FB00034474 /* TravelogueMgckq8UITests */ = {
			isa = PBXGroup;
			children = (
				C1C509F82582D3FB00034474 /* TravelogueMgckq8UITests.swift */,
				C1C509FA2582D3FB00034474 /* Info.plist */,
			);
			path = TravelogueMgckq8UITests;
			sourceTree = "<group>";
		};
		C1C50A2A2582DF5B00034474 /* CoreDataEntities */ = {
			isa = PBXGroup;
			children = (
				C1C50A3A2582E2A300034474 /* Entry+CoreDataClass.swift */,
				C1C50A3B2582E2A300034474 /* Entry+CoreDataProperties.swift */,
				C1C50A3C2582E2A300034474 /* Trip+CoreDataClass.swift */,
				C1C50A3D2582E2A300034474 /* Trip+CoreDataProperties.swift */,
				C1C509DC2582D3FA00034474 /* TravelogueMgckq8.xcdatamodeld */,
			);
			path = CoreDataEntities;
			sourceTree = "<group>";
		};
		C1C50A2B2582DF8300034474 /* SupportingFiles */ = {
			isa = PBXGroup;
			children = (
				C1C509D52582D3FA00034474 /* SceneDelegate.swift */,
				C1C509D32582D3FA00034474 /* AppDelegate.swift */,
				C1C509DF2582D3FB00034474 /* Assets.xcassets */,
				C1C509E42582D3FB00034474 /* Info.plist */,
				C1C509E12582D3FB00034474 /* LaunchScreen.storyboard */,
			);
			path = SupportingFiles;
			sourceTree = "<group>";
		};
		C1C50A2C2582DFB100034474 /* ViewControllers */ = {
			isa = PBXGroup;
			children = (
				C1C50A112582D9A800034474 /* EntriesViewController.swift */,
				C1C50A162582D9BA00034474 /* TripsViewController.swift */,
				C1C50A0C2582D97F00034474 /* NewEntryViewController.swift */,
			);
			path = ViewControllers;
			sourceTree = "<group>";
		};
/* End PBXGroup section */

/* Begin PBXNativeTarget section */
		C1C509CF2582D3FA00034474 /* TravelogueMgckq8 */ = {
			isa = PBXNativeTarget;
			buildConfigurationList = C1C509FD2582D3FB00034474 /* Build configuration list for PBXNativeTarget "TravelogueMgckq8" */;
			buildPhases = (
				C1C509CC2582D3FA00034474 /* Sources */,
				C1C509CD2582D3FA00034474 /* Frameworks */,
				C1C509CE2582D3FA00034474 /* Resources */,
			);
			buildRules = (
			);
			dependencies = (
			);
			name = TravelogueMgckq8;
			productName = TravelogueMgckq8;
			productReference = C1C509D02582D3FA00034474 /* TravelogueMgckq8.app */;
			productType = "com.apple.product-type.application";
		};
		C1C509E82582D3FB00034474 /* TravelogueMgckq8Tests */ = {
			isa = PBXNativeTarget;
			buildConfigurationList = C1C50A002582D3FB00034474 /* Build configuration list for PBXNativeTarget "TravelogueMgckq8Tests" */;
			buildPhases = (
				C1C509E52582D3FB00034474 /* Sources */,
				C1C509E62582D3FB00034474 /* Frameworks */,
				C1C509E72582D3FB00034474 /* Resources */,
			);
			buildRules = (
			);
			dependencies = (
				C1C509EB2582D3FB00034474 /* PBXTargetDependency */,
			);
			name = TravelogueMgckq8Tests;
			productName = TravelogueMgckq8Tests;
			productReference = C1C509E92582D3FB00034474 /* TravelogueMgckq8Tests.xctest */;
			productType = "com.apple.product-type.bundle.unit-test";
		};
		C1C509F32582D3FB00034474 /* TravelogueMgckq8UITests */ = {
			isa = PBXNativeTarget;
			buildConfigurationList = C1C50A032582D3FB00034474 /* Build configuration list for PBXNativeTarget "TravelogueMgckq8UITests" */;
			buildPhases = (
				C1C509F02582D3FB00034474 /* Sources */,
				C1C509F12582D3FB00034474 /* Frameworks */,
				C1C509F22582D3FB00034474 /* Resources */,
			);
			buildRules = (
			);
			dependencies = (
				C1C509F62582D3FB00034474 /* PBXTargetDependency */,
			);
			name = TravelogueMgckq8UITests;
			productName = TravelogueMgckq8UITests;
			productReference = C1C509F42582D3FB00034474 /* TravelogueMgckq8UITests.xctest */;
			productType = "com.apple.product-type.bundle.ui-testing";
		};
/* End PBXNativeTarget section */

/* Begin PBXProject section */
		C1C509C82582D3FA00034474 /* Project object */ = {
			isa = PBXProject;
			attributes = {
				LastSwiftUpdateCheck = 1210;
				LastUpgradeCheck = 1210;
				TargetAttributes = {
					C1C509CF2582D3FA00034474 = {
						CreatedOnToolsVersion = 12.1;
					};
					C1C509E82582D3FB00034474 = {
						CreatedOnToolsVersion = 12.1;
						TestTargetID = C1C509CF2582D3FA00034474;
					};
					C1C509F32582D3FB00034474 = {
						CreatedOnToolsVersion = 12.1;
						TestTargetID = C1C509CF2582D3FA00034474;
					};
				};
			};
			buildConfigurationList = C1C509CB2582D3FA00034474 /* Build configuration list for PBXProject "TravelogueMgckq8" */;
			compatibilityVersion = "Xcode 9.3";
			developmentRegion = en;
			hasScannedForEncodings = 0;
			knownRegions = (
				en,
				Base,
			);
			mainGroup = C1C509C72582D3FA00034474;
			productRefGroup = C1C509D12582D3FA00034474 /* Products */;
			projectDirPath = "";
			projectRoot = "";
			targets = (
				C1C509CF2582D3FA00034474 /* TravelogueMgckq8 */,
				C1C509E82582D3FB00034474 /* TravelogueMgckq8Tests */,
				C1C509F32582D3FB00034474 /* TravelogueMgckq8UITests */,
			);
		};
/* End PBXProject section */

/* Begin PBXResourcesBuildPhase section */
		C1C509CE2582D3FA00034474 /* Resources */ = {
			isa = PBXResourcesBuildPhase;
			buildActionMask = 2147483647;
			files = (
				C1C509E32582D3FB00034474 /* LaunchScreen.storyboard in Resources */,
				C1C509E02582D3FB00034474 /* Assets.xcassets in Resources */,
				C1C509DB2582D3FA00034474 /* Main.storyboard in Resources */,
			);
			runOnlyForDeploymentPostprocessing = 0;
		};
		C1C509E72582D3FB00034474 /* Resources */ = {
			isa = PBXResourcesBuildPhase;
			buildActionMask = 2147483647;
			files = (
			);
			runOnlyForDeploymentPostprocessing = 0;
		};
		C1C509F22582D3FB00034474 /* Resources */ = {
			isa = PBXResourcesBuildPhase;
			buildActionMask = 2147483647;
			files = (
			);
			runOnlyForDeploymentPostprocessing = 0;
		};
/* End PBXResourcesBuildPhase section */

/* Begin PBXSourcesBuildPhase section */
		C1C509CC2582D3FA00034474 /* Sources */ = {
			isa = PBXSourcesBuildPhase;
			buildActionMask = 2147483647;
			files = (
				C1C509D42582D3FA00034474 /* AppDelegate.swift in Sources */,
				C1C509DE2582D3FA00034474 /* TravelogueMgckq8.xcdatamodeld in Sources */,
				C1C50A3E2582E2A300034474 /* Entry+CoreDataClass.swift in Sources */,
				C1C50A0D2582D97F00034474 /* NewEntryViewController.swift in Sources */,
				C1C50A172582D9BA00034474 /* TripsViewController.swift in Sources */,
				C1C50A122582D9A800034474 /* EntriesViewController.swift in Sources */,
				C1C50A3F2582E2A300034474 /* Entry+CoreDataProperties.swift in Sources */,
				C1C50A402582E2A300034474 /* Trip+CoreDataClass.swift in Sources */,
				C1C50A412582E2A300034474 /* Trip+CoreDataProperties.swift in Sources */,
				C1C509D62582D3FA00034474 /* SceneDelegate.swift in Sources */,
			);
			runOnlyForDeploymentPostprocessing = 0;
		};
		C1C509E52582D3FB00034474 /* Sources */ = {
			isa = PBXSourcesBuildPhase;
			buildActionMask = 2147483647;
			files = (
				C1C509EE2582D3FB00034474 /* TravelogueMgckq8Tests.swift in Sources */,
			);
			runOnlyForDeploymentPostprocessing = 0;
		};
		C1C509F02582D3FB00034474 /* Sources */ = {
			isa = PBXSourcesBuildPhase;
			buildActionMask = 2147483647;
			files = (
				C1C509F92582D3FB00034474 /* TravelogueMgckq8UITests.swift in Sources */,
			);
			runOnlyForDeploymentPostprocessing = 0;
		};
/* End PBXSourcesBuildPhase section */

/* Begin PBXTargetDependency section */
		C1C509EB2582D3FB00034474 /* PBXTargetDependency */ = {
			isa = PBXTargetDependency;
			target = C1C509CF2582D3FA00034474 /* TravelogueMgckq8 */;
			targetProxy = C1C509EA2582D3FB00034474 /* PBXContainerItemProxy */;
		};
		C1C509F62582D3FB00034474 /* PBXTargetDependency */ = {
			isa = PBXTargetDependency;
			target = C1C509CF2582D3FA00034474 /* TravelogueMgckq8 */;
			targetProxy = C1C509F52582D3FB00034474 /* PBXContainerItemProxy */;
		};
/* End PBXTargetDependency section */

/* Begin PBXVariantGroup section */
		C1C509D92582D3FA00034474 /* Main.storyboard */ = {
			isa = PBXVariantGroup;
			children = (
				C1C509DA2582D3FA00034474 /* Base */,
			);
			name = Main.storyboard;
			sourceTree = "<group>";
		};
		C1C509E12582D3FB00034474 /* LaunchScreen.storyboard */ = {
			isa = PBXVariantGroup;
			children = (
				C1C509E22582D3FB00034474 /* Base */,
			);
			name = LaunchScreen.storyboard;
			sourceTree = "<group>";
		};
/* End PBXVariantGroup section */

/* Begin XCBuildConfiguration section */
		C1C509FB2582D3FB00034474 /* Debug */ = {
			isa = XCBuildConfiguration;
			buildSettings = {
				ALWAYS_SEARCH_USER_PATHS = NO;
				CLANG_ANALYZER_NONNULL = YES;
				CLANG_ANALYZER_NUMBER_OBJECT_CONVERSION = YES_AGGRESSIVE;
				CLANG_CXX_LANGUAGE_STANDARD = "gnu++14";
				CLANG_CXX_LIBRARY = "libc++";
				CLANG_ENABLE_MODULES = YES;
				CLANG_ENABLE_OBJC_ARC = YES;
				CLANG_ENABLE_OBJC_WEAK = YES;
				CLANG_WARN_BLOCK_CAPTURE_AUTORELEASING = YES;
				CLANG_WARN_BOOL_CONVERSION = YES;
				CLANG_WARN_COMMA = YES;
				CLANG_WARN_CONSTANT_CONVERSION = YES;
				CLANG_WARN_DEPRECATED_OBJC_IMPLEMENTATIONS = YES;
				CLANG_WARN_DIRECT_OBJC_ISA_USAGE = YES_ERROR;
				CLANG_WARN_DOCUMENTATION_COMMENTS = YES;
				CLANG_WARN_EMPTY_BODY = YES;
				CLANG_WARN_ENUM_CONVERSION = YES;
				CLANG_WARN_INFINITE_RECURSION = YES;
				CLANG_WARN_INT_CONVERSION = YES;
				CLANG_WARN_NON_LITERAL_NULL_CONVERSION = YES;
				CLANG_WARN_OBJC_IMPLICIT_RETAIN_SELF = YES;
				CLANG_WARN_OBJC_LITERAL_CONVERSION = YES;
				CLANG_WARN_OBJC_ROOT_CLASS = YES_ERROR;
				CLANG_WARN_QUOTED_INCLUDE_IN_FRAMEWORK_HEADER = YES;
				CLANG_WARN_RANGE_LOOP_ANALYSIS = YES;
				CLANG_WARN_STRICT_PROTOTYPES = YES;
				CLANG_WARN_SUSPICIOUS_MOVE = YES;
				CLANG_WARN_UNGUARDED_AVAILABILITY = YES_AGGRESSIVE;
				CLANG_WARN_UNREACHABLE_CODE = YES;
				CLANG_WARN__DUPLICATE_METHOD_MATCH = YES;
				COPY_PHASE_STRIP = NO;
				DEBUG_INFORMATION_FORMAT = dwarf;
				ENABLE_STRICT_OBJC_MSGSEND = YES;
				ENABLE_TESTABILITY = YES;
				GCC_C_LANGUAGE_STANDARD = gnu11;
				GCC_DYNAMIC_NO_PIC = NO;
				GCC_NO_COMMON_BLOCKS = YES;
				GCC_OPTIMIZATION_LEVEL = 0;
				GCC_PREPROCESSOR_DEFINITIONS = (
					"DEBUG=1",
					"$(inherited)",
				);
				GCC_WARN_64_TO_32_BIT_CONVERSION = YES;
				GCC_WARN_ABOUT_RETURN_TYPE = YES_ERROR;
				GCC_WARN_UNDECLARED_SELECTOR = YES;
				GCC_WARN_UNINITIALIZED_AUTOS = YES_AGGRESSIVE;
				GCC_WARN_UNUSED_FUNCTION = YES;
				GCC_WARN_UNUSED_VARIABLE = YES;
				IPHONEOS_DEPLOYMENT_TARGET = 14.1;
				MTL_ENABLE_DEBUG_INFO = INCLUDE_SOURCE;
				MTL_FAST_MATH = YES;
				ONLY_ACTIVE_ARCH = YES;
				SDKROOT = iphoneos;
				SWIFT_ACTIVE_COMPILATION_CONDITIONS = DEBUG;
				SWIFT_OPTIMIZATION_LEVEL = "-Onone";
			};
			name = Debug;
		};
		C1C509FC2582D3FB00034474 /* Release */ = {
			isa = XCBuildConfiguration;
			buildSettings = {
				ALWAYS_SEARCH_USER_PATHS = NO;
				CLANG_ANALYZER_NONNULL = YES;
				CLANG_ANALYZER_NUMBER_OBJECT_CONVERSION = YES_AGGRESSIVE;
				CLANG_CXX_LANGUAGE_STANDARD = "gnu++14";
				CLANG_CXX_LIBRARY = "libc++";
				CLANG_ENABLE_MODULES = YES;
				CLANG_ENABLE_OBJC_ARC = YES;
				CLANG_ENABLE_OBJC_WEAK = YES;
				CLANG_WARN_BLOCK_CAPTURE_AUTORELEASING = YES;
				CLANG_WARN_BOOL_CONVERSION = YES;
				CLANG_WARN_COMMA = YES;
				CLANG_WARN_CONSTANT_CONVERSION = YES;
				CLANG_WARN_DEPRECATED_OBJC_IMPLEMENTATIONS = YES;
				CLANG_WARN_DIRECT_OBJC_ISA_USAGE = YES_ERROR;
				CLANG_WARN_DOCUMENTATION_COMMENTS = YES;
				CLANG_WARN_EMPTY_BODY = YES;
				CLANG_WARN_ENUM_CONVERSION = YES;
				CLANG_WARN_INFINITE_RECURSION = YES;
				CLANG_WARN_INT_CONVERSION = YES;
				CLANG_WARN_NON_LITERAL_NULL_CONVERSION = YES;
				CLANG_WARN_OBJC_IMPLICIT_RETAIN_SELF = YES;
				CLANG_WARN_OBJC_LITERAL_CONVERSION = YES;
				CLANG_WARN_OBJC_ROOT_CLASS = YES_ERROR;
				CLANG_WARN_QUOTED_INCLUDE_IN_FRAMEWORK_HEADER = YES;
				CLANG_WARN_RANGE_LOOP_ANALYSIS = YES;
				CLANG_WARN_STRICT_PROTOTYPES = YES;
				CLANG_WARN_SUSPICIOUS_MOVE = YES;
				CLANG_WARN_UNGUARDED_AVAILABILITY = YES_AGGRESSIVE;
				CLANG_WARN_UNREACHABLE_CODE = YES;
				CLANG_WARN__DUPLICATE_METHOD_MATCH = YES;
				COPY_PHASE_STRIP = NO;
				DEBUG_INFORMATION_FORMAT = "dwarf-with-dsym";
				ENABLE_NS_ASSERTIONS = NO;
				ENABLE_STRICT_OBJC_MSGSEND = YES;
				GCC_C_LANGUAGE_STANDARD = gnu11;
				GCC_NO_COMMON_BLOCKS = YES;
				GCC_WARN_64_TO_32_BIT_CONVERSION = YES;
				GCC_WARN_ABOUT_RETURN_TYPE = YES_ERROR;
				GCC_WARN_UNDECLARED_SELECTOR = YES;
				GCC_WARN_UNINITIALIZED_AUTOS = YES_AGGRESSIVE;
				GCC_WARN_UNUSED_FUNCTION = YES;
				GCC_WARN_UNUSED_VARIABLE = YES;
				IPHONEOS_DEPLOYMENT_TARGET = 14.1;
				MTL_ENABLE_DEBUG_INFO = NO;
				MTL_FAST_MATH = YES;
				SDKROOT = iphoneos;
				SWIFT_COMPILATION_MODE = wholemodule;
				SWIFT_OPTIMIZATION_LEVEL = "-O";
				VALIDATE_PRODUCT = YES;
			};
			name = Release;
		};
		C1C509FE2582D3FB00034474 /* Debug */ = {
			isa = XCBuildConfiguration;
			buildSettings = {
				ASSETCATALOG_COMPILER_APPICON_NAME = AppIcon;
				ASSETCATALOG_COMPILER_GLOBAL_ACCENT_COLOR_NAME = AccentColor;
				CODE_SIGN_STYLE = Automatic;
				DEVELOPMENT_TEAM = ULK9S9WDFB;
				INFOPLIST_FILE = TravelogueMgckq8/Info.plist;
				LD_RUNPATH_SEARCH_PATHS = (
					"$(inherited)",
					"@executable_path/Frameworks",
				);
				PRODUCT_BUNDLE_IDENTIFIER = Crozier.TravelogueMgckq8;
				PRODUCT_NAME = "$(TARGET_NAME)";
				SWIFT_VERSION = 5.0;
				TARGETED_DEVICE_FAMILY = "1,2";
			};
			name = Debug;
		};
		C1C509FF2582D3FB00034474 /* Release */ = {
			isa = XCBuildConfiguration;
			buildSettings = {
				ASSETCATALOG_COMPILER_APPICON_NAME = AppIcon;
				ASSETCATALOG_COMPILER_GLOBAL_ACCENT_COLOR_NAME = AccentColor;
				CODE_SIGN_STYLE = Automatic;
				DEVELOPMENT_TEAM = ULK9S9WDFB;
				INFOPLIST_FILE = TravelogueMgckq8/Info.plist;
				LD_RUNPATH_SEARCH_PATHS = (
					"$(inherited)",
					"@executable_path/Frameworks",
				);
				PRODUCT_BUNDLE_IDENTIFIER = Crozier.TravelogueMgckq8;
				PRODUCT_NAME = "$(TARGET_NAME)";
				SWIFT_VERSION = 5.0;
				TARGETED_DEVICE_FAMILY = "1,2";
			};
			name = Release;
		};
		C1C50A012582D3FB00034474 /* Debug */ = {
			isa = XCBuildConfiguration;
			buildSettings = {
				ALWAYS_EMBED_SWIFT_STANDARD_LIBRARIES = YES;
				BUNDLE_LOADER = "$(TEST_HOST)";
				CODE_SIGN_STYLE = Automatic;
				DEVELOPMENT_TEAM = ULK9S9WDFB;
				INFOPLIST_FILE = TravelogueMgckq8Tests/Info.plist;
				IPHONEOS_DEPLOYMENT_TARGET = 14.1;
				LD_RUNPATH_SEARCH_PATHS = (
					"$(inherited)",
					"@executable_path/Frameworks",
					"@loader_path/Frameworks",
				);
				PRODUCT_BUNDLE_IDENTIFIER = Crozier.TravelogueMgckq8Tests;
				PRODUCT_NAME = "$(TARGET_NAME)";
				SWIFT_VERSION = 5.0;
				TARGETED_DEVICE_FAMILY = "1,2";
				TEST_HOST = "$(BUILT_PRODUCTS_DIR)/TravelogueMgckq8.app/TravelogueMgckq8";
			};
			name = Debug;
		};
		C1C50A022582D3FB00034474 /* Release */ = {
			isa = XCBuildConfiguration;
			buildSettings = {
				ALWAYS_EMBED_SWIFT_STANDARD_LIBRARIES = YES;
				BUNDLE_LOADER = "$(TEST_HOST)";
				CODE_SIGN_STYLE = Automatic;
				DEVELOPMENT_TEAM = ULK9S9WDFB;
				INFOPLIST_FILE = TravelogueMgckq8Tests/Info.plist;
				IPHONEOS_DEPLOYMENT_TARGET = 14.1;
				LD_RUNPATH_SEARCH_PATHS = (
					"$(inherited)",
					"@executable_path/Frameworks",
					"@loader_path/Frameworks",
				);
				PRODUCT_BUNDLE_IDENTIFIER = Crozier.TravelogueMgckq8Tests;
				PRODUCT_NAME = "$(TARGET_NAME)";
				SWIFT_VERSION = 5.0;
				TARGETED_DEVICE_FAMILY = "1,2";
				TEST_HOST = "$(BUILT_PRODUCTS_DIR)/TravelogueMgckq8.app/TravelogueMgckq8";
			};
			name = Release;
		};
		C1C50A042582D3FB00034474 /* Debug */ = {
			isa = XCBuildConfiguration;
			buildSettings = {
				ALWAYS_EMBED_SWIFT_STANDARD_LIBRARIES = YES;
				CODE_SIGN_STYLE = Automatic;
				DEVELOPMENT_TEAM = ULK9S9WDFB;
				INFOPLIST_FILE = TravelogueMgckq8UITests/Info.plist;
				LD_RUNPATH_SEARCH_PATHS = (
					"$(inherited)",
					"@executable_path/Frameworks",
					"@loader_path/Frameworks",
				);
				PRODUCT_BUNDLE_IDENTIFIER = Crozier.TravelogueMgckq8UITests;
				PRODUCT_NAME = "$(TARGET_NAME)";
				SWIFT_VERSION = 5.0;
				TARGETED_DEVICE_FAMILY = "1,2";
				TEST_TARGET_NAME = TravelogueMgckq8;
			};
			name = Debug;
		};
		C1C50A052582D3FB00034474 /* Release */ = {
			isa = XCBuildConfiguration;
			buildSettings = {
				ALWAYS_EMBED_SWIFT_STANDARD_LIBRARIES = YES;
				CODE_SIGN_STYLE = Automatic;
				DEVELOPMENT_TEAM = ULK9S9WDFB;
				INFOPLIST_FILE = TravelogueMgckq8UITests/Info.plist;
				LD_RUNPATH_SEARCH_PATHS = (
					"$(inherited)",
					"@executable_path/Frameworks",
					"@loader_path/Frameworks",
				);
				PRODUCT_BUNDLE_IDENTIFIER = Crozier.TravelogueMgckq8UITests;
				PRODUCT_NAME = "$(TARGET_NAME)";
				SWIFT_VERSION = 5.0;
				TARGETED_DEVICE_FAMILY = "1,2";
				TEST_TARGET_NAME = TravelogueMgckq8;
			};
			name = Release;
		};
/* End XCBuildConfiguration section */

/* Begin XCConfigurationList section */
		C1C509CB2582D3FA00034474 /* Build configuration list for PBXProject "TravelogueMgckq8" */ = {
			isa = XCConfigurationList;
			buildConfigurations = (
				C1C509FB2582D3FB00034474 /* Debug */,
				C1C509FC2582D3FB00034474 /* Release */,
			);
			defaultConfigurationIsVisible = 0;
			defaultConfigurationName = Release;
		};
		C1C509FD2582D3FB00034474 /* Build configuration list for PBXNativeTarget "TravelogueMgckq8" */ = {
			isa = XCConfigurationList;
			buildConfigurations = (
				C1C509FE2582D3FB00034474 /* Debug */,
				C1C509FF2582D3FB00034474 /* Release */,
			);
			defaultConfigurationIsVisible = 0;
			defaultConfigurationName = Release;
		};
		C1C50A002582D3FB00034474 /* Build configuration list for PBXNativeTarget "TravelogueMgckq8Tests" */ = {
			isa = XCConfigurationList;
			buildConfigurations = (
				C1C50A012582D3FB00034474 /* Debug */,
				C1C50A022582D3FB00034474 /* Release */,
			);
			defaultConfigurationIsVisible = 0;
			defaultConfigurationName = Release;
		};
		C1C50A032582D3FB00034474 /* Build configuration list for PBXNativeTarget "TravelogueMgckq8UITests" */ = {
			isa = XCConfigurationList;
			buildConfigurations = (
				C1C50A042582D3FB00034474 /* Debug */,
				C1C50A052582D3FB00034474 /* Release */,
			);
			defaultConfigurationIsVisible = 0;
			defaultConfigurationName = Release;
		};
/* End XCConfigurationList section */

/* Begin XCVersionGroup section */
		C1C509DC2582D3FA00034474 /* TravelogueMgckq8.xcdatamodeld */ = {
			isa = XCVersionGroup;
			children = (
				C1C509DD2582D3FA00034474 /* TravelogueMgckq8.xcdatamodel */,
			);
			currentVersion = C1C509DD2582D3FA00034474 /* TravelogueMgckq8.xcdatamodel */;
			path = TravelogueMgckq8.xcdatamodeld;
			sourceTree = "<group>";
			versionGroupType = wrapper.xcdatamodel;
		};
/* End XCVersionGroup section */
	};
	rootObject = C1C509C82582D3FA00034474 /* Project object */;
}
